
Microsoft Visual Studio Solution File, Format Version 12.00
# Visual Studio Version 17
VisualStudioVersion = 17.13.35806.99 d17.13
MinimumVisualStudioVersion = 10.0.40219.1
Project("{FAE04EC0-301F-11D3-BF4B-00C04F79EFBC}") = "WebApiTodoApp", "WebApiTodoApp\WebApiTodoApp.csproj", "{E04F5BB7-DD6C-4751-A92C-C1794DDA2568}"
EndProject
Global
	GlobalSection(SolutionConfigurationPlatforms) = preSolution
		Debug|Any CPU = Debug|Any CPU
		Release|Any CPU = Release|Any CPU
	EndGlobalSection
	GlobalSection(ProjectConfigurationPlatforms) = postSolution
		{E04F5BB7-DD6C-4751-A92C-C1794DDA2568}.Debug|Any CPU.ActiveCfg = Debug|Any CPU
		{E04F5BB7-DD6C-4751-A92C-C1794DDA2568}.Debug|Any CPU.Build.0 = Debug|Any CPU
		{E04F5BB7-DD6C-4751-A92C-C1794DDA2568}.Release|Any CPU.ActiveCfg = Release|Any CPU
		{E04F5BB7-DD6C-4751-A92C-C1794DDA2568}.Release|Any CPU.Build.0 = Release|Any CPU
	EndGlobalSection
	GlobalSection(SolutionProperties) = preSolution
		HideSolutionNode = FALSE
	EndGlobalSection
	GlobalSection(ExtensibilityGlobals) = postSolution
		SolutionGuid = {2D6F82C6-3D6B-4481-8182-E5719E7BAF3F}
	EndGlobalSection
EndGlobal
